
Microsoft Visual Studio Solution File, Format Version 12.00
# Visual Studio Version 17
VisualStudioVersion = 17.14.36811.4 d17.14
MinimumVisualStudioVersion = 10.0.40219.1
Project("{FAE04EC0-301F-11D3-BF4B-00C04F79EFBC}") = "DatingApp_WebAPI", "DatingApp_WebAPI\DatingApp_WebAPI.csproj", "{E843FF13-BE7B-498B-9C04-422FA25FD1DE}"
EndProject
Global
	GlobalSection(SolutionConfigurationPlatforms) = preSolution
		Debug|Any CPU = Debug|Any CPU
		Release|Any CPU = Release|Any CPU
	EndGlobalSection
	GlobalSection(ProjectConfigurationPlatforms) = postSolution
		{E843FF13-BE7B-498B-9C04-422FA25FD1DE}.Debug|Any CPU.ActiveCfg = Debug|Any CPU
		{E843FF13-BE7B-498B-9C04-422FA25FD1DE}.Debug|Any CPU.Build.0 = Debug|Any CPU
		{E843FF13-BE7B-498B-9C04-422FA25FD1DE}.Release|Any CPU.ActiveCfg = Release|Any CPU
		{E843FF13-BE7B-498B-9C04-422FA25FD1DE}.Release|Any CPU.Build.0 = Release|Any CPU
	EndGlobalSection
	GlobalSection(SolutionProperties) = preSolution
		HideSolutionNode = FALSE
	EndGlobalSection
	GlobalSection(ExtensibilityGlobals) = postSolution
		SolutionGuid = {5F6D7DA6-BB63-400D-8030-EE15DB1F2FC2}
	EndGlobalSection
EndGlobal
